Microsoft Visual Studio Solution File, Format Version 12.00
# Visual Studio 15
VisualStudioVersion = 15.0.26430.14
MinimumVisualStudioVersion = 10.0.40219.1
Project("{2150E333-8FDC-42A3-9474-1A3956D46DE8}") = "Main", "Main", "{1FC3A478-F724-4616-9A01-BF4135174569}"
EndProject
Project("{2150E333-8FDC-42A3-9474-1A3956D46DE8}") = "Runners", "Runners", "{EEE84E56-1559-4323-8464-7EB0ECFD0088}"
EndProject
Project("{2150E333-8FDC-42A3-9474-1A3956D46DE8}") = "Repositories", "Repositories", "{4F5EBE08-0B29-4CC0-A11A-0D16BC979C33}"
EndProject
Project("{2150E333-8FDC-42A3-9474-1A3956D46DE8}") = "Tests", "Tests", "{689241AD-70C7-45DE-BD09-09827C02B46A}"
EndProject
Project("{2150E333-8FDC-42A3-9474-1A3956D46DE8}") = "Scripts", "Scripts", "{C2A5F2F4-8E2A-489A-ACC0-5F2DE12B5E23}"
EndProject
Project("{9A19103F-16F7-4668-BE54-9A1E7A4F7556}") = "BitcoinApi", "src\BitcoinApi\BitcoinApi.csproj", "{189AC4FB-6045-4355-BD21-1B8148E6D2DD}"
EndProject
Project("{9A19103F-16F7-4668-BE54-9A1E7A4F7556}") = "Core", "src\Core\Core.csproj", "{1146B19E-C751-4754-811B-BBC7E7E14ECC}"
EndProject
Project("{9A19103F-16F7-4668-BE54-9A1E7A4F7556}") = "ApiRunner", "src\ApiRunner\ApiRunner.csproj", "{E63E94E6-FBB0-41BB-97DB-868BE4BADC2B}"
EndProject
Project("{9A19103F-16F7-4668-BE54-9A1E7A4F7556}") = "LkeServices", "src\LkeServices\LkeServices.csproj", "{1484890F-E986-438F-B0D3-A8060D0CCA13}"
EndProject
Project("{9A19103F-16F7-4668-BE54-9A1E7A4F7556}") = "BitcoinJob", "src\BitcoinJob\BitcoinJob.csproj", "{F4351CE9-2F05-4C3D-AF21-FDF695A7E2F5}"
EndProject
Project("{9A19103F-16F7-4668-BE54-9A1E7A4F7556}") = "AzureRepositories", "src\AzureRepositories\AzureRepositories.csproj", "{30D4AD8C-6539-4E36-908D-1117320E5BE3}"
EndProject
Project("{9A19103F-16F7-4668-BE54-9A1E7A4F7556}") = "JobRunner", "src\JobRunner\JobRunner.csproj", "{E1124A65-9A59-48EA-AED4-39C08F79D054}"
EndProject
Project("{9A19103F-16F7-4668-BE54-9A1E7A4F7556}") = "tests", "tests\tests.csproj", "{56FFC59A-C205-4279-9309-3CEC6A48480B}"
EndProject
Project("{9A19103F-16F7-4668-BE54-9A1E7A4F7556}") = "MigrationScript", "src\MigrationScript\MigrationScript.csproj", "{BD0EA06C-4F17-45E9-87F0-F4FDB5FDC55D}"
EndProject
Project("{9A19103F-16F7-4668-BE54-9A1E7A4F7556}") = "ClientSecretMigration", "src\ClientSecretMigration\ClientSecretMigration.csproj", "{DB30539F-6E37-44A4-8F72-E43F122508ED}"
EndProject
Project("{9A19103F-16F7-4668-BE54-9A1E7A4F7556}") = "EnqueueFees", "src\EnqueueFees\EnqueueFees.csproj", "{9269F202-14AA-454E-ACBA-BA6A8F5D9446}"
EndProject
Project("{9A19103F-16F7-4668-BE54-9A1E7A4F7556}") = "PoisonMessagesReenqueue", "src\PoisonMessagesReenqueue\PoisonMessagesReenqueue.csproj", "{94B4DDF2-FA02-4832-8904-A7D304C9C175}"
EndProject
Project("{9A19103F-16F7-4668-BE54-9A1E7A4F7556}") = "MongoRepositories", "src\MongoRepositories\MongoRepositories.csproj", "{7AADB346-235C-4A4B-8CB0-15EE0A48AF96}"
EndProject
Project("{9A19103F-16F7-4668-BE54-9A1E7A4F7556}") = "OffchainRequestCreator", "src\OffchainRequestCreator\OffchainRequestCreator.csproj", "{69CED1ED-F05F-49DE-97B2-97FDA07B80A9}"
EndProject
Project("{9A19103F-16F7-4668-BE54-9A1E7A4F7556}") = "ExportBccBalances", "src\ExportBccBalances\ExportBccBalances.csproj", "{98A44F17-8493-4489-97F5-C414CD973B5A}"
EndProject
Global
	GlobalSection(SolutionConfigurationPlatforms) = preSolution
		Debug|Any CPU = Debug|Any CPU
		Release|Any CPU = Release|Any CPU
	EndGlobalSection
	GlobalSection(ProjectConfigurationPlatforms) = postSolution
		{189AC4FB-6045-4355-BD21-1B8148E6D2DD}.Debug|Any CPU.ActiveCfg = Debug|Any CPU
		{189AC4FB-6045-4355-BD21-1B8148E6D2DD}.Debug|Any CPU.Build.0 = Debug|Any CPU
		{189AC4FB-6045-4355-BD21-1B8148E6D2DD}.Release|Any CPU.ActiveCfg = Release|Any CPU
		{189AC4FB-6045-4355-BD21-1B8148E6D2DD}.Release|Any CPU.Build.0 = Release|Any CPU
		{1146B19E-C751-4754-811B-BBC7E7E14ECC}.Debug|Any CPU.ActiveCfg = Debug|Any CPU
		{1146B19E-C751-4754-811B-BBC7E7E14ECC}.Debug|Any CPU.Build.0 = Debug|Any CPU
		{1146B19E-C751-4754-811B-BBC7E7E14ECC}.Release|Any CPU.ActiveCfg = Release|Any CPU
		{1146B19E-C751-4754-811B-BBC7E7E14ECC}.Release|Any CPU.Build.0 = Release|Any CPU
		{E63E94E6-FBB0-41BB-97DB-868BE4BADC2B}.Debug|Any CPU.ActiveCfg = Debug|Any CPU
		{E63E94E6-FBB0-41BB-97DB-868BE4BADC2B}.Debug|Any CPU.Build.0 = Debug|Any CPU
		{E63E94E6-FBB0-41BB-97DB-868BE4BADC2B}.Release|Any CPU.ActiveCfg = Release|Any CPU
		{E63E94E6-FBB0-41BB-97DB-868BE4BADC2B}.Release|Any CPU.Build.0 = Release|Any CPU
		{1484890F-E986-438F-B0D3-A8060D0CCA13}.Debug|Any CPU.ActiveCfg = Debug|Any CPU
		{1484890F-E986-438F-B0D3-A8060D0CCA13}.Debug|Any CPU.Build.0 = Debug|Any CPU
		{1484890F-E986-438F-B0D3-A8060D0CCA13}.Release|Any CPU.ActiveCfg = Release|Any CPU
		{1484890F-E986-438F-B0D3-A8060D0CCA13}.Release|Any CPU.Build.0 = Release|Any CPU
		{F4351CE9-2F05-4C3D-AF21-FDF695A7E2F5}.Debug|Any CPU.ActiveCfg = Debug|Any CPU
		{F4351CE9-2F05-4C3D-AF21-FDF695A7E2F5}.Debug|Any CPU.Build.0 = Debug|Any CPU
		{F4351CE9-2F05-4C3D-AF21-FDF695A7E2F5}.Release|Any CPU.ActiveCfg = Release|Any CPU
		{F4351CE9-2F05-4C3D-AF21-FDF695A7E2F5}.Release|Any CPU.Build.0 = Release|Any CPU
		{30D4AD8C-6539-4E36-908D-1117320E5BE3}.Debug|Any CPU.ActiveCfg = Debug|Any CPU
		{30D4AD8C-6539-4E36-908D-1117320E5BE3}.Debug|Any CPU.Build.0 = Debug|Any CPU
		{30D4AD8C-6539-4E36-908D-1117320E5BE3}.Release|Any CPU.ActiveCfg = Release|Any CPU
		{30D4AD8C-6539-4E36-908D-1117320E5BE3}.Release|Any CPU.Build.0 = Release|Any CPU
		{E1124A65-9A59-48EA-AED4-39C08F79D054}.Debug|Any CPU.ActiveCfg = Debug|Any CPU
		{E1124A65-9A59-48EA-AED4-39C08F79D054}.Debug|Any CPU.Build.0 = Debug|Any CPU
		{E1124A65-9A59-48EA-AED4-39C08F79D054}.Release|Any CPU.ActiveCfg = Release|Any CPU
		{E1124A65-9A59-48EA-AED4-39C08F79D054}.Release|Any CPU.Build.0 = Release|Any CPU
		{56FFC59A-C205-4279-9309-3CEC6A48480B}.Debug|Any CPU.ActiveCfg = Debug|Any CPU
		{56FFC59A-C205-4279-9309-3CEC6A48480B}.Debug|Any CPU.Build.0 = Debug|Any CPU
		{56FFC59A-C205-4279-9309-3CEC6A48480B}.Release|Any CPU.ActiveCfg = Release|Any CPU
		{56FFC59A-C205-4279-9309-3CEC6A48480B}.Release|Any CPU.Build.0 = Release|Any CPU
		{BD0EA06C-4F17-45E9-87F0-F4FDB5FDC55D}.Debug|Any CPU.ActiveCfg = Debug|Any CPU
		{BD0EA06C-4F17-45E9-87F0-F4FDB5FDC55D}.Debug|Any CPU.Build.0 = Debug|Any CPU
		{BD0EA06C-4F17-45E9-87F0-F4FDB5FDC55D}.Release|Any CPU.ActiveCfg = Release|Any CPU
		{BD0EA06C-4F17-45E9-87F0-F4FDB5FDC55D}.Release|Any CPU.Build.0 = Release|Any CPU
		{DB30539F-6E37-44A4-8F72-E43F122508ED}.Debug|Any CPU.ActiveCfg = Debug|Any CPU
		{DB30539F-6E37-44A4-8F72-E43F122508ED}.Debug|Any CPU.Build.0 = Debug|Any CPU
		{DB30539F-6E37-44A4-8F72-E43F122508ED}.Release|Any CPU.ActiveCfg = Release|Any CPU
		{DB30539F-6E37-44A4-8F72-E43F122508ED}.Release|Any CPU.Build.0 = Release|Any CPU
		{9269F202-14AA-454E-ACBA-BA6A8F5D9446}.Debug|Any CPU.ActiveCfg = Debug|Any CPU
		{9269F202-14AA-454E-ACBA-BA6A8F5D9446}.Debug|Any CPU.Build.0 = Debug|Any CPU
		{9269F202-14AA-454E-ACBA-BA6A8F5D9446}.Release|Any CPU.ActiveCfg = Release|Any CPU
		{9269F202-14AA-454E-ACBA-BA6A8F5D9446}.Release|Any CPU.Build.0 = Release|Any CPU
		{94B4DDF2-FA02-4832-8904-A7D304C9C175}.Debug|Any CPU.ActiveCfg = Debug|Any CPU
		{94B4DDF2-FA02-4832-8904-A7D304C9C175}.Debug|Any CPU.Build.0 = Debug|Any CPU
		{94B4DDF2-FA02-4832-8904-A7D304C9C175}.Release|Any CPU.ActiveCfg = Release|Any CPU
		{94B4DDF2-FA02-4832-8904-A7D304C9C175}.Release|Any CPU.Build.0 = Release|Any CPU
		{7AADB346-235C-4A4B-8CB0-15EE0A48AF96}.Debug|Any CPU.ActiveCfg = Debug|Any CPU
		{7AADB346-235C-4A4B-8CB0-15EE0A48AF96}.Debug|Any CPU.Build.0 = Debug|Any CPU
		{7AADB346-235C-4A4B-8CB0-15EE0A48AF96}.Release|Any CPU.ActiveCfg = Release|Any CPU
		{7AADB346-235C-4A4B-8CB0-15EE0A48AF96}.Release|Any CPU.Build.0 = Release|Any CPU
		{69CED1ED-F05F-49DE-97B2-97FDA07B80A9}.Debug|Any CPU.ActiveCfg = Debug|Any CPU
		{69CED1ED-F05F-49DE-97B2-97FDA07B80A9}.Debug|Any CPU.Build.0 = Debug|Any CPU
		{69CED1ED-F05F-49DE-97B2-97FDA07B80A9}.Release|Any CPU.ActiveCfg = Release|Any CPU
		{69CED1ED-F05F-49DE-97B2-97FDA07B80A9}.Release|Any CPU.Build.0 = Release|Any CPU
		{98A44F17-8493-4489-97F5-C414CD973B5A}.Debug|Any CPU.ActiveCfg = Debug|Any CPU
		{98A44F17-8493-4489-97F5-C414CD973B5A}.Debug|Any CPU.Build.0 = Debug|Any CPU
		{98A44F17-8493-4489-97F5-C414CD973B5A}.Release|Any CPU.ActiveCfg = Release|Any CPU
		{98A44F17-8493-4489-97F5-C414CD973B5A}.Release|Any CPU.Build.0 = Release|Any CPU
	EndGlobalSection
	GlobalSection(SolutionProperties) = preSolution
		HideSolutionNode = FALSE
	EndGlobalSection
	GlobalSection(NestedProjects) = preSolution
		{1146B19E-C751-4754-811B-BBC7E7E14ECC} = {1FC3A478-F724-4616-9A01-BF4135174569}
		{E63E94E6-FBB0-41BB-97DB-868BE4BADC2B} = {EEE84E56-1559-4323-8464-7EB0ECFD0088}
		{1484890F-E986-438F-B0D3-A8060D0CCA13} = {1FC3A478-F724-4616-9A01-BF4135174569}
		{30D4AD8C-6539-4E36-908D-1117320E5BE3} = {4F5EBE08-0B29-4CC0-A11A-0D16BC979C33}
		{E1124A65-9A59-48EA-AED4-39C08F79D054} = {EEE84E56-1559-4323-8464-7EB0ECFD0088}
		{56FFC59A-C205-4279-9309-3CEC6A48480B} = {689241AD-70C7-45DE-BD09-09827C02B46A}
		{BD0EA06C-4F17-45E9-87F0-F4FDB5FDC55D} = {C2A5F2F4-8E2A-489A-ACC0-5F2DE12B5E23}
		{DB30539F-6E37-44A4-8F72-E43F122508ED} = {C2A5F2F4-8E2A-489A-ACC0-5F2DE12B5E23}
		{9269F202-14AA-454E-ACBA-BA6A8F5D9446} = {C2A5F2F4-8E2A-489A-ACC0-5F2DE12B5E23}
		{94B4DDF2-FA02-4832-8904-A7D304C9C175} = {C2A5F2F4-8E2A-489A-ACC0-5F2DE12B5E23}
		{7AADB346-235C-4A4B-8CB0-15EE0A48AF96} = {4F5EBE08-0B29-4CC0-A11A-0D16BC979C33}
		{69CED1ED-F05F-49DE-97B2-97FDA07B80A9} = {C2A5F2F4-8E2A-489A-ACC0-5F2DE12B5E23}
		{98A44F17-8493-4489-97F5-C414CD973B5A} = {C2A5F2F4-8E2A-489A-ACC0-5F2DE12B5E23}
	EndGlobalSection
EndGlobal
